
Microsoft Visual Studio Solution File, Format Version 12.00
# Visual Studio Version 16
VisualStudioVersion = 16.0.30611.23
MinimumVisualStudioVersion = 10.0.40219.1
Project("{8BC9CEB8-8B4A-11D0-8D11-00A0C91BC942}") = "AcouPar", "AcouPar\AcouPar.vcxproj", "{93346405-5112-4DAF-8272-C719F38C7AFB}"
EndProject
Global
	GlobalSection(SolutionConfigurationPlatforms) = preSolution
		Debug|x64 = Debug|x64
		Debug|x86 = Debug|x86
		Release|x64 = Release|x64
		Release|x86 = Release|x86
	EndGlobalSection
	GlobalSection(ProjectConfigurationPlatforms) = postSolution
		{93346405-5112-4DAF-8272-C719F38C7AFB}.Debug|x64.ActiveCfg = Debug|x64
		{93346405-5112-4DAF-8272-C719F38C7AFB}.Debug|x64.Build.0 = Debug|x64
		{93346405-5112-4DAF-8272-C719F38C7AFB}.Debug|x86.ActiveCfg = Release|x64
		{93346405-5112-4DAF-8272-C719F38C7AFB}.Debug|x86.Build.0 = Release|x64
		{93346405-5112-4DAF-8272-C719F38C7AFB}.Release|x64.ActiveCfg = Release|x64
		{93346405-5112-4DAF-8272-C719F38C7AFB}.Release|x64.Build.0 = Release|x64
		{93346405-5112-4DAF-8272-C719F38C7AFB}.Release|x86.ActiveCfg = Release|x64
		{93346405-5112-4DAF-8272-C719F38C7AFB}.Release|x86.Build.0 = Release|x64
	EndGlobalSection
	GlobalSection(SolutionProperties) = preSolution
		HideSolutionNode = FALSE
	EndGlobalSection
	GlobalSection(ExtensibilityGlobals) = postSolution
		SolutionGuid = {D10B9C7A-9E97-422E-8EF8-400CDDC83C02}
	EndGlobalSection
EndGlobal
